<?xml version="1.0" encoding="utf-8"?>
<Project ToolsVersion="4.0" xmlns="http://schemas.microsoft.com/developer/msbuild/2003">
  <ItemGroup>
    <Filter Include="code">
      <UniqueIdentifier>{008e2946-819b-41e2-9593-457b6af21f7d}</UniqueIdentifier>
    </Filter>
    <Filter Include="code\sample">
      <UniqueIdentifier>{6e775483-290c-4ed2-b68b-c6083a2f6d0c}</UniqueIdentifier>
    </Filter>
    <Filter Include="shaders" />
    <Filter Include="shaders\sample">
      <UniqueIdentifier>{879063f5-acb9-413e-b6db-4d2c6b5cf259}</UniqueIdentifier>
    </Filter>
    <Filter Include="DXUT">
      <UniqueIdentifier>{6c41a30d-3caf-4c38-87ac-74ef22487995}</UniqueIdentifier>
    </Filter>
    <Filter Include="DXUT\Core">
      <UniqueIdentifier>{35f0d1fe-f1e8-4045-84e8-d648a297ad58}</UniqueIdentifier>
    </Filter>
    <Filter Include="DXUT\Optional">
      <UniqueIdentifier>{3476baeb-1151-4df7-922d-a2f79a9d9c25}</UniqueIdentifier>
    </Filter>
  </ItemGroup>
  <ItemGroup>
    <ClInclude Include="code\sample\FurSampleShadowMap.h">
      <Filter>code\sample</Filter>
    </ClInclude>
    <ClInclude Include="code\sample\FurSampleMesh.h">
      <Filter>code\sample</Filter>
    </ClInclude>
    <ClInclude Include="code\sample\FurSampleHairWorksHelper.h">
      <Filter>code\sample</Filter>
    </ClInclude>
    <ClInclude Include="code\sample\FurSampleCommon.h">
      <Filter>code\sample</Filter>
    </ClInclude>
    <ClInclude Include="code\sample\FurSampleAppBase.h">
      <Filter>code\sample</Filter>
    </ClInclude>
    <ClInclude Include="code\sample\stb_image.h">
      <Filter>code\sample</Filter>
    </ClInclude>
    <ClInclude Include="code\sample\FurSampleVector.h">
      <Filter>code\sample</Filter>
    </ClInclude>
    <ClInclude Include="code\GFSDK_HairWorks.h">
      <Filter>code</Filter>
    </ClInclude>
    <ClInclude Include="code\GFSDK_HairWorks_Common.h">
      <Filter>code</Filter>
    </ClInclude>
    <ClInclude Include="shaders\GFSDK_HairWorks_ShaderCommon.h">
      <Filter>shaders</Filter>
    </ClInclude>
    <ClInclude Include="DXUT\Core\DDSTextureLoader.h">
      <Filter>DXUT\Core</Filter>
    </ClInclude>
    <ClInclude Include="DXUT\Core\dxerr.h">
      <Filter>DXUT\Core</Filter>
    </ClInclude>
    <ClInclude Include="DXUT\Core\DXUT.h">
      <Filter>DXUT\Core</Filter>
    </ClInclude>
    <ClInclude Include="DXUT\Core\DXUTDevice11.h">
      <Filter>DXUT\Core</Filter>
    </ClInclude>
    <ClInclude Include="DXUT\Core\DXUTmisc.h">
      <Filter>DXUT\Core</Filter>
    </ClInclude>
    <ClInclude Include="DXUT\Core\ScreenGrab.h">
      <Filter>DXUT\Core</Filter>
    </ClInclude>
    <ClInclude Include="DXUT\Core\WICTextureLoader.h">
      <Filter>DXUT\Core</Filter>
    </ClInclude>
    <ClInclude Include="DXUT\Optional\DXUTgui.h">
      <Filter>DXUT\Optional</Filter>
    </ClInclude>
    <ClInclude Include="DXUT\Optional\DXUTres.h">
      <Filter>DXUT\Optional</Filter>
    </ClInclude>
    <ClInclude Include="DXUT\Optional\DXUTsettingsdlg.h">
      <Filter>DXUT\Optional</Filter>
    </ClInclude>
    <ClInclude Include="DXUT\Optional\SDKmisc.h">
      <Filter>DXUT\Optional</Filter>
    </ClInclude>
    <ClInclude Include="DXUT\Optional\DXUTcamera.h">
      <Filter>DXUT\Optional</Filter>
    </ClInclude>
  </ItemGroup>
  <ItemGroup>
    <ClCompile Include="code\sample\FurSampleShadowMap.cpp">
      <Filter>code\sample</Filter>
    </ClCompile>
    <ClCompile Include="code\sample\FurSampleMesh.cpp">
      <Filter>code\sample</Filter>
    </ClCompile>
    <ClCompile Include="code\sample\FurSampleHairWorksHelper.cpp">
      <Filter>code\sample</Filter>
    </ClCompile>
    <ClCompile Include="code\sample\FurSampleCommon.cpp">
      <Filter>code\sample</Filter>
    </ClCompile>
    <ClCompile Include="code\sample\FurSampleAppBase.cpp">
      <Filter>code\sample</Filter>
    </ClCompile>
    <ClCompile Include="code\sample\stb_image.c">
      <Filter>code\sample</Filter>
    </ClCompile>
    <ClCompile Include="code\sample\FurSampleSimple.cpp">
      <Filter>code\sample</Filter>
    </ClCompile>
    <ClCompile Include="DXUT\Core\DDSTextureLoader.cpp">
      <Filter>DXUT\Core</Filter>
    </ClCompile>
    <ClCompile Include="DXUT\Core\dxerr.cpp">
      <Filter>DXUT\Core</Filter>
    </ClCompile>
    <ClCompile Include="DXUT\Core\DXUT.cpp">
      <Filter>DXUT\Core</Filter>
    </ClCompile>
    <ClCompile Include="DXUT\Core\DXUTDevice11.cpp">
      <Filter>DXUT\Core</Filter>
    </ClCompile>
    <ClCompile Include="DXUT\Core\DXUTmisc.cpp">
      <Filter>DXUT\Core</Filter>
    </ClCompile>
    <ClCompile Include="DXUT\Core\ScreenGrab.cpp">
      <Filter>DXUT\Core</Filter>
    </ClCompile>
    <ClCompile Include="DXUT\Core\WICTextureLoader.cpp">
      <Filter>DXUT\Core</Filter>
    </ClCompile>
    <ClCompile Include="DXUT\Optional\DXUTgui.cpp">
      <Filter>DXUT\Optional</Filter>
    </ClCompile>
    <ClCompile Include="DXUT\Optional\DXUTres.cpp">
      <Filter>DXUT\Optional</Filter>
    </ClCompile>
    <ClCompile Include="DXUT\Optional\DXUTsettingsdlg.cpp">
      <Filter>DXUT\Optional</Filter>
    </ClCompile>
    <ClCompile Include="DXUT\Optional\SDKmisc.cpp">
      <Filter>DXUT\Optional</Filter>
    </ClCompile>
    <ClCompile Include="DXUT\Optional\DXUTcamera.cpp">
      <Filter>DXUT\Optional</Filter>
    </ClCompile>
  </ItemGroup>
  <ItemGroup>
    <FxCompile Include="shaders\sample\FurSampleCommonSkinnedPixelShader.hlsl">
      <Filter>shaders\sample</Filter>
    </FxCompile>
    <FxCompile Include="shaders\sample\FurSampleCommonSkinnedVertexShader.hlsl">
      <Filter>shaders\sample</Filter>
    </FxCompile>
    <FxCompile Include="shaders\sample\FurSampleCommonVisualizeShadowPixelShader.hlsl">
      <Filter>shaders\sample</Filter>
    </FxCompile>
    <FxCompile Include="shaders\sample\FurSampleCommonVisualizeShadowVertexShader.hlsl">
      <Filter>shaders\sample</Filter>
    </FxCompile>
    <FxCompile Include="shaders\sample\FurSampleSimpleRenderingPixelShader.hlsl">
      <Filter>shaders\sample</Filter>
    </FxCompile>
  </ItemGroup>
</Project>